// !$*UTF8*$!
{
	archiveVersion = 1;
	classes = {
	};
	objectVersion = 46;
	objects = {

/* Begin PBXBuildFile section */
		3F8489791AF28B4500DBB866 /* AppDelegate.swift in Sources */ = {isa = PBXBuildFile; fileRef = 3F8489781AF28B4500DBB866 /* AppDelegate.swift */; };
		3F84897B1AF28B4500DBB866 /* ViewController.swift in Sources */ = {isa = PBXBuildFile; fileRef = 3F84897A1AF28B4500DBB866 /* ViewController.swift */; };
		3F84897E1AF28B4500DBB866 /* Main.storyboard in Resources */ = {isa = PBXBuildFile; fileRef = 3F84897C1AF28B4500DBB866 /* Main.storyboard */; };
		3F8489801AF28B4500DBB866 /* Images.xcassets in Resources */ = {isa = PBXBuildFile; fileRef = 3F84897F1AF28B4500DBB866 /* Images.xcassets */; };
		3F8489831AF28B4500DBB866 /* LaunchScreen.xib in Resources */ = {isa = PBXBuildFile; fileRef = 3F8489811AF28B4500DBB866 /* LaunchScreen.xib */; };
		3F84898F1AF28B4500DBB866 /* UNSTests.swift in Sources */ = {isa = PBXBuildFile; fileRef = 3F84898E1AF28B4500DBB866 /* UNSTests.swift */; };
		3F8489991AF28C0400DBB866 /* WebKit.framework in Frameworks */ = {isa = PBXBuildFile; fileRef = 3F8489981AF28C0400DBB866 /* WebKit.framework */; };
/* End PBXBuildFile section */

/* Begin PBXContainerItemProxy section */
		3F8489891AF28B4500DBB866 /* PBXContainerItemProxy */ = {
			isa = PBXContainerItemProxy;
			containerPortal = 3F84896B1AF28B4500DBB866 /* Project object */;
			proxyType = 1;
			remoteGlobalIDString = 3F8489721AF28B4500DBB866;
			remoteInfo = UNS;
		};
/* End PBXContainerItemProxy section */

/* Begin PBXFileReference section */
		3F8489731AF28B4500DBB866 /* UNS.app */ = {isa = PBXFileReference; explicitFileType = wrapper.application; includeInIndex = 0; path = UNS.app; sourceTree = BUILT_PRODUCTS_DIR; };
		3F8489771AF28B4500DBB866 /* Info.plist */ = {isa = PBXFileReference; lastKnownFileType = text.plist.xml; path = Info.plist; sourceTree = "<group>"; };
		3F8489781AF28B4500DBB866 /* AppDelegate.swift */ = {isa = PBXFileReference; lastKnownFileType = sourcecode.swift; path = AppDelegate.swift; sourceTree = "<group>"; };
		3F84897A1AF28B4500DBB866 /* ViewController.swift */ = {isa = PBXFileReference; lastKnownFileType = sourcecode.swift; path = ViewController.swift; sourceTree = "<group>"; };
		3F84897D1AF28B4500DBB866 /* Base */ = {isa = PBXFileReference; lastKnownFileType = file.storyboard; name = Base; path = Base.lproj/Main.storyboard; sourceTree = "<group>"; };
		3F84897F1AF28B4500DBB866 /* Images.xcassets */ = {isa = PBXFileReference; lastKnownFileType = folder.assetcatalog; path = Images.xcassets; sourceTree = "<group>"; };
		3F8489821AF28B4500DBB866 /* Base */ = {isa = PBXFileReference; lastKnownFileType = file.xib; name = Base; path = Base.lproj/LaunchScreen.xib; sourceTree = "<group>"; };
		3F8489881AF28B4500DBB866 /* UNSTests.xctest */ = {isa = PBXFileReference; explicitFileType = wrapper.cfbundle; includeInIndex = 0; path = UNSTests.xctest; sourceTree = BUILT_PRODUCTS_DIR; };
		3F84898D1AF28B4500DBB866 /* Info.plist */ = {isa = PBXFileReference; lastKnownFileType = text.plist.xml; path = Info.plist; sourceTree = "<group>"; };
		3F84898E1AF28B4500DBB866 /* UNSTests.swift */ = {isa = PBXFileReference; lastKnownFileType = sourcecode.swift; path = UNSTests.swift; sourceTree = "<group>"; };
		3F8489981AF28C0400DBB866 /* WebKit.framework */ = {isa = PBXFileReference; lastKnownFileType = wrapper.framework; name = WebKit.framework; path = System/Library/Frameworks/WebKit.framework; sourceTree = SDKROOT; };
/* End PBXFileReference section */

/* Begin PBXFrameworksBuildPhase section */
		3F8489701AF28B4500DBB866 /* Frameworks */ = {
			isa = PBXFrameworksBuildPhase;
			buildActionMask = 2147483647;
			files = (
				3F8489991AF28C0400DBB866 /* WebKit.framework in Frameworks */,
			);
			runOnlyForDeploymentPostprocessing = 0;
		};
		3F8489851AF28B4500DBB866 /* Frameworks */ = {
			isa = PBXFrameworksBuildPhase;
			buildActionMask = 2147483647;
			files = (
			);
			runOnlyForDeploymentPostprocessing = 0;
		};
/* End PBXFrameworksBuildPhase section */

/* Begin PBXGroup section */
		3F84896A1AF28B4500DBB866 = {
			isa = PBXGroup;
			children = (
				3F8489981AF28C0400DBB866 /* WebKit.framework */,
				3F8489751AF28B4500DBB866 /* UNS */,
				3F84898B1AF28B4500DBB866 /* UNSTests */,
				3F8489741AF28B4500DBB866 /* Products */,
			);
			sourceTree = "<group>";
		};
		3F8489741AF28B4500DBB866 /* Products */ = {
			isa = PBXGroup;
			children = (
				3F8489731AF28B4500DBB866 /* UNS.app */,
				3F8489881AF28B4500DBB866 /* UNSTests.xctest */,
			);
			name = Products;
			sourceTree = "<group>";
		};
		3F8489751AF28B4500DBB866 /* UNS */ = {
			isa = PBXGroup;
			children = (
				3F8489781AF28B4500DBB866 /* AppDelegate.swift */,
				3F84897A1AF28B4500DBB866 /* ViewController.swift */,
				3F84897C1AF28B4500DBB866 /* Main.storyboard */,
				3F84897F1AF28B4500DBB866 /* Images.xcassets */,
				3F8489811AF28B4500DBB866 /* LaunchScreen.xib */,
				3F8489761AF28B4500DBB866 /* Supporting Files */,
			);
			path = UNS;
			sourceTree = "<group>";
		};
		3F8489761AF28B4500DBB866 /* Supporting Files */ = {
			isa = PBXGroup;
			children = (
				3F8489771AF28B4500DBB866 /* Info.plist */,
			);
			name = "Supporting Files";
			sourceTree = "<group>";
		};
		3F84898B1AF28B4500DBB866 /* UNSTests */ = {
			isa = PBXGroup;
			children = (
				3F84898E1AF28B4500DBB866 /* UNSTests.swift */,
				3F84898C1AF28B4500DBB866 /* Supporting Files */,
			);
			path = UNSTests;
			sourceTree = "<group>";
		};
		3F84898C1AF28B4500DBB866 /* Supporting Files */ = {
			isa = PBXGroup;
			children = (
				3F84898D1AF28B4500DBB866 /* Info.plist */,
			);
			name = "Supporting Files";
			sourceTree = "<group>";
		};
/* End PBXGroup section */

/* Begin PBXNativeTarget section */
		3F8489721AF28B4500DBB866 /* UNS */ = {
			isa = PBXNativeTarget;
			buildConfigurationList = 3F8489921AF28B4500DBB866 /* Build configuration list for PBXNativeTarget "UNS" */;
			buildPhases = (
				3F84896F1AF28B4500DBB866 /* Sources */,
				3F8489701AF28B4500DBB866 /* Frameworks */,
				3F8489711AF28B4500DBB866 /* Resources */,
			);
			buildRules = (
			);
			dependencies = (
			);
			name = UNS;
			productName = UNS;
			productReference = 3F8489731AF28B4500DBB866 /* UNS.app */;
			productType = "com.apple.product-type.application";
		};
		3F8489871AF28B4500DBB866 /* UNSTests */ = {
			isa = PBXNativeTarget;
			buildConfigurationList = 3F8489951AF28B4500DBB866 /* Build configuration list for PBXNativeTarget "UNSTests" */;
			buildPhases = (
				3F8489841AF28B4500DBB866 /* Sources */,
				3F8489851AF28B4500DBB866 /* Frameworks */,
				3F8489861AF28B4500DBB866 /* Resources */,
			);
			buildRules = (
			);
			dependencies = (
				3F84898A1AF28B4500DBB866 /* PBXTargetDependency */,
			);
			name = UNSTests;
			productName = UNSTests;
			productReference = 3F8489881AF28B4500DBB866 /* UNSTests.xctest */;
			productType = "com.apple.product-type.bundle.unit-test";
		};
/* End PBXNativeTarget section */

/* Begin PBXProject section */
		3F84896B1AF28B4500DBB866 /* Project object */ = {
			isa = PBXProject;
			attributes = {
				LastUpgradeCheck = 0620;
				ORGANIZATIONNAME = "Derrick Hunt";
				TargetAttributes = {
					3F8489721AF28B4500DBB866 = {
						CreatedOnToolsVersion = 6.2;
					};
					3F8489871AF28B4500DBB866 = {
						CreatedOnToolsVersion = 6.2;
						TestTargetID = 3F8489721AF28B4500DBB866;
					};
				};
			};
			buildConfigurationList = 3F84896E1AF28B4500DBB866 /* Build configuration list for PBXProject "UNS" */;
			compatibilityVersion = "Xcode 3.2";
			developmentRegion = English;
			hasScannedForEncodings = 0;
			knownRegions = (
				en,
				Base,
			);
			mainGroup = 3F84896A1AF28B4500DBB866;
			productRefGroup = 3F8489741AF28B4500DBB866 /* Products */;
			projectDirPath = "";
			projectRoot = "";
			targets = (
				3F8489721AF28B4500DBB866 /* UNS */,
				3F8489871AF28B4500DBB866 /* UNSTests */,
			);
		};
/* End PBXProject section */

/* Begin PBXResourcesBuildPhase section */
		3F8489711AF28B4500DBB866 /* Resources */ = {
			isa = PBXResourcesBuildPhase;
			buildActionMask = 2147483647;
			files = (
				3F84897E1AF28B4500DBB866 /* Main.storyboard in Resources */,
				3F8489831AF28B4500DBB866 /* LaunchScreen.xib in Resources */,
				3F8489801AF28B4500DBB866 /* Images.xcassets in Resources */,
			);
			runOnlyForDeploymentPostprocessing = 0;
		};
		3F8489861AF28B4500DBB866 /* Resources */ = {
			isa = PBXResourcesBuildPhase;
			buildActionMask = 2147483647;
			files = (
			);
			runOnlyForDeploymentPostprocessing = 0;
		};
/* End PBXResourcesBuildPhase section */

/* Begin PBXSourcesBuildPhase section */
		3F84896F1AF28B4500DBB866 /* Sources */ = {
			isa = PBXSourcesBuildPhase;
			buildActionMask = 2147483647;
			files = (
				3F84897B1AF28B4500DBB866 /* ViewController.swift in Sources */,
				3F8489791AF28B4500DBB866 /* AppDelegate.swift in Sources */,
			);
			runOnlyForDeploymentPostprocessing = 0;
		};
		3F8489841AF28B4500DBB866 /* Sources */ = {
			isa = PBXSourcesBuildPhase;
			buildActionMask = 2147483647;
			files = (
				3F84898F1AF28B4500DBB866 /* UNSTests.swift in Sources */,
			);
			runOnlyForDeploymentPostprocessing = 0;
		};
/* End PBXSourcesBuildPhase section */

/* Begin PBXTargetDependency section */
		3F84898A1AF28B4500DBB866 /* PBXTargetDependency */ = {
			isa = PBXTargetDependency;
			target = 3F8489721AF28B4500DBB866 /* UNS */;
			targetProxy = 3F8489891AF28B4500DBB866 /* PBXContainerItemProxy */;
		};
/* End PBXTargetDependency section */

/* Begin PBXVariantGroup section */
		3F84897C1AF28B4500DBB866 /* Main.storyboard */ = {
			isa = PBXVariantGroup;
			children = (
				3F84897D1AF28B4500DBB866 /* Base */,
			);
			name = Main.storyboard;
			sourceTree = "<group>";
		};
		3F8489811AF28B4500DBB866 /* LaunchScreen.xib */ = {
			isa = PBXVariantGroup;
			children = (
				3F8489821AF28B4500DBB866 /* Base */,
			);
			name = LaunchScreen.xib;
			sourceTree = "<group>";
		};
/* End PBXVariantGroup section */

/* Begin XCBuildConfiguration section */
		3F8489901AF28B4500DBB866 /* Debug */ = {
			isa = XCBuildConfiguration;
			buildSettings = {
				ALWAYS_SEARCH_USER_PATHS = NO;
				CLANG_CXX_LANGUAGE_STANDARD = "gnu++0x";
				CLANG_CXX_LIBRARY = "libc++";
				CLANG_ENABLE_MODULES = YES;
				CLANG_ENABLE_OBJC_ARC = YES;
				CLANG_WARN_BOOL_CONVERSION = YES;
				CLANG_WARN_CONSTANT_CONVERSION = YES;
				CLANG_WARN_DIRECT_OBJC_ISA_USAGE = YES_ERROR;
				CLANG_WARN_EMPTY_BODY = YES;
				CLANG_WARN_ENUM_CONVERSION = YES;
				CLANG_WARN_INT_CONVERSION = YES;
				CLANG_WARN_OBJC_ROOT_CLASS = YES_ERROR;
				CLANG_WARN_UNREACHABLE_CODE = YES;
				CLANG_WARN__DUPLICATE_METHOD_MATCH = YES;
				"CODE_SIGN_IDENTITY[sdk=iphoneos*]" = "iPhone Developer";
				COPY_PHASE_STRIP = NO;
				ENABLE_STRICT_OBJC_MSGSEND = YES;
				GCC_C_LANGUAGE_STANDARD = gnu99;
				GCC_DYNAMIC_NO_PIC = NO;
				GCC_OPTIMIZATION_LEVEL = 0;
				GCC_PREPROCESSOR_DEFINITIONS = (
					"DEBUG=1",
					"$(inherited)",
				);
				GCC_SYMBOLS_PRIVATE_EXTERN = NO;
				GCC_WARN_64_TO_32_BIT_CONVERSION = YES;
				GCC_WARN_ABOUT_RETURN_TYPE = YES_ERROR;
				GCC_WARN_UNDECLARED_SELECTOR = YES;
				GCC_WARN_UNINITIALIZED_AUTOS = YES_AGGRESSIVE;
				GCC_WARN_UNUSED_FUNCTION = YES;
				GCC_WARN_UNUSED_VARIABLE = YES;
				IPHONEOS_DEPLOYMENT_TARGET = 8.2;
				MTL_ENABLE_DEBUG_INFO = YES;
				ONLY_ACTIVE_ARCH = YES;
				SDKROOT = iphoneos;
				SWIFT_OPTIMIZATION_LEVEL = "-Onone";
				TARGETED_DEVICE_FAMILY = "1,2";
			};
			name = Debug;
		};
		3F8489911AF28B4500DBB866 /* Release */ = {
			isa = XCBuildConfiguration;
			buildSettings = {
				ALWAYS_SEARCH_USER_PATHS = NO;
				CLANG_CXX_LANGUAGE_STANDARD = "gnu++0x";
				CLANG_CXX_LIBRARY = "libc++";
				CLANG_ENABLE_MODULES = YES;
				CLANG_ENABLE_OBJC_ARC = YES;
				CLANG_WARN_BOOL_CONVERSION = YES;
				CLANG_WARN_CONSTANT_CONVERSION = YES;
				CLANG_WARN_DIRECT_OBJC_ISA_USAGE = YES_ERROR;
				CLANG_WARN_EMPTY_BODY = YES;
				CLANG_WARN_ENUM_CONVERSION = YES;
				CLANG_WARN_INT_CONVERSION = YES;
				CLANG_WARN_OBJC_ROOT_CLASS = YES_ERROR;
				CLANG_WARN_UNREACHABLE_CODE = YES;
				CLANG_WARN__DUPLICATE_METHOD_MATCH = YES;
				"CODE_SIGN_IDENTITY[sdk=iphoneos*]" = "iPhone Developer";
				COPY_PHASE_STRIP = NO;
				ENABLE_NS_ASSERTIONS = NO;
				ENABLE_STRICT_OBJC_MSGSEND = YES;
				GCC_C_LANGUAGE_STANDARD = gnu99;
				GCC_WARN_64_TO_32_BIT_CONVERSION = YES;
				GCC_WARN_ABOUT_RETURN_TYPE = YES_ERROR;
				GCC_WARN_UNDECLARED_SELECTOR = YES;
				GCC_WARN_UNINITIALIZED_AUTOS = YES_AGGRESSIVE;
				GCC_WARN_UNUSED_FUNCTION = YES;
				GCC_WARN_UNUSED_VARIABLE = YES;
				IPHONEOS_DEPLOYMENT_TARGET = 8.2;
				MTL_ENABLE_DEBUG_INFO = NO;
				SDKROOT = iphoneos;
				TARGETED_DEVICE_FAMILY = "1,2";
				VALIDATE_PRODUCT = YES;
			};
			name = Release;
		};
		3F8489931AF28B4500DBB866 /* Debug */ = {
			isa = XCBuildConfiguration;
			buildSettings = {
				ASSETCATALOG_COMPILER_APPICON_NAME = AppIcon;
				INFOPLIST_FILE = UNS/Info.plist;
				LD_RUNPATH_SEARCH_PATHS = "$(inherited) @executable_path/Frameworks";
				PRODUCT_NAME = "$(TARGET_NAME)";
			};
			name = Debug;
		};
		3F8489941AF28B4500DBB866 /* Release */ = {
			isa = XCBuildConfiguration;
			buildSettings = {
				ASSETCATALOG_COMPILER_APPICON_NAME = AppIcon;
				INFOPLIST_FILE = UNS/Info.plist;
				LD_RUNPATH_SEARCH_PATHS = "$(inherited) @executable_path/Frameworks";
				PRODUCT_NAME = "$(TARGET_NAME)";
			};
			name = Release;
		};
		3F8489961AF28B4500DBB866 /* Debug */ = {
			isa = XCBuildConfiguration;
			buildSettings = {
				BUNDLE_LOADER = "$(TEST_HOST)";
				FRAMEWORK_SEARCH_PATHS = (
					"$(SDKROOT)/Developer/Library/Frameworks",
					"$(inherited)",
				);
				GCC_PREPROCESSOR_DEFINITIONS = (
					"DEBUG=1",
					"$(inherited)",
				);
				INFOPLIST_FILE = UNSTests/Info.plist;
				LD_RUNPATH_SEARCH_PATHS = "$(inherited) @executable_path/Frameworks @loader_path/Frameworks";
				PRODUCT_NAME = "$(TARGET_NAME)";
				TEST_HOST = "$(BUILT_PRODUCTS_DIR)/UNS.app/UNS";
			};
			name = Debug;
		};
		3F8489971AF28B4500DBB866 /* Release */ = {
			isa = XCBuildConfiguration;
			buildSettings = {
				BUNDLE_LOADER = "$(TEST_HOST)";
				FRAMEWORK_SEARCH_PATHS = (
					"$(SDKROOT)/Developer/Library/Frameworks",
					"$(inherited)",
				);
				INFOPLIST_FILE = UNSTests/Info.plist;
				LD_RUNPATH_SEARCH_PATHS = "$(inherited) @executable_path/Frameworks @loader_path/Frameworks";
				PRODUCT_NAME = "$(TARGET_NAME)";
				TEST_HOST = "$(BUILT_PRODUCTS_DIR)/UNS.app/UNS";
			};
			name = Release;
		};
/* End XCBuildConfiguration section */

/* Begin XCConfigurationList section */
		3F84896E1AF28B4500DBB866 /* Build configuration list for PBXProject "UNS" */ = {
			isa = XCConfigurationList;
			buildConfigurations = (
				3F8489901AF28B4500DBB866 /* Debug */,
				3F8489911AF28B4500DBB866 /* Release */,
			);
			defaultConfigurationIsVisible = 0;
			defaultConfigurationName = Release;
		};
		3F8489921AF28B4500DBB866 /* Build configuration list for PBXNativeTarget "UNS" */ = {
			isa = XCConfigurationList;
			buildConfigurations = (
				3F8489931AF28B4500DBB866 /* Debug */,
				3F8489941AF28B4500DBB866 /* Release */,
			);
			defaultConfigurationIsVisible = 0;
		};
		3F8489951AF28B4500DBB866 /* Build configuration list for PBXNativeTarget "UNSTests" */ = {
			isa = XCConfigurationList;
			buildConfigurations = (
				3F8489961AF28B4500DBB866 /* Debug */,
				3F8489971AF28B4500DBB866 /* Release */,
			);
			defaultConfigurationIsVisible = 0;
		};
/* End XCConfigurationList section */
	};
	rootObject = 3F84896B1AF28B4500DBB866 /* Project object */;
}
